
Microsoft Visual Studio Solution File, Format Version 12.00
# Visual Studio Version 16
VisualStudioVersion = 16.0.31019.35
MinimumVisualStudioVersion = 10.0.40219.1
Project("{9A19103F-16F7-4668-BE54-9A1E7A4F7556}") = "AnnotationsDemo", "AnnotationsDemo.csproj", "{7C36DF96-ACDF-4805-9C9A-A9BDEC40B01D}"
EndProject
Project("{FAE04EC0-301F-11D3-BF4B-00C04F79EFBC}") = "GarbageCollection", "..\GarbageCollection\GarbageCollection.csproj", "{DBEB9DB2-C48D-4228-AD05-C9DE3454CDC7}"
EndProject
Global
	GlobalSection(SolutionConfigurationPlatforms) = preSolution
		Debug|Any CPU = Debug|Any CPU
		Release|Any CPU = Release|Any CPU
	EndGlobalSection
	GlobalSection(ProjectConfigurationPlatforms) = postSolution
		{7C36DF96-ACDF-4805-9C9A-A9BDEC40B01D}.Debug|Any CPU.ActiveCfg = Debug|Any CPU
		{7C36DF96-ACDF-4805-9C9A-A9BDEC40B01D}.Debug|Any CPU.Build.0 = Debug|Any CPU
		{7C36DF96-ACDF-4805-9C9A-A9BDEC40B01D}.Release|Any CPU.ActiveCfg = Release|Any CPU
		{7C36DF96-ACDF-4805-9C9A-A9BDEC40B01D}.Release|Any CPU.Build.0 = Release|Any CPU
		{DBEB9DB2-C48D-4228-AD05-C9DE3454CDC7}.Debug|Any CPU.ActiveCfg = Debug|Any CPU
		{DBEB9DB2-C48D-4228-AD05-C9DE3454CDC7}.Debug|Any CPU.Build.0 = Debug|Any CPU
		{DBEB9DB2-C48D-4228-AD05-C9DE3454CDC7}.Release|Any CPU.ActiveCfg = Release|Any CPU
		{DBEB9DB2-C48D-4228-AD05-C9DE3454CDC7}.Release|Any CPU.Build.0 = Release|Any CPU
	EndGlobalSection
	GlobalSection(SolutionProperties) = preSolution
		HideSolutionNode = FALSE
	EndGlobalSection
	GlobalSection(ExtensibilityGlobals) = postSolution
		SolutionGuid = {66C0A328-9D40-4B3D-93DD-ABD89BBE848D}
	EndGlobalSection
EndGlobal
